
Microsoft Visual Studio Solution File, Format Version 12.00
# Visual Studio Version 17
VisualStudioVersion = 17.11.35219.272
MinimumVisualStudioVersion = 10.0.40219.1
Project("{9A19103F-16F7-4668-BE54-9A1E7A4F7556}") = "Domain", "Model\Domain.csproj", "{B7FE8112-B54E-40D8-A1AD-5B960688DFF3}"
EndProject
Project("{FAE04EC0-301F-11D3-BF4B-00C04F79EFBC}") = "WebApp", "WebApp\WebApp.csproj", "{AF57A989-A42A-4911-A6D4-9DE3680E6D0C}"
EndProject
Global
	GlobalSection(SolutionConfigurationPlatforms) = preSolution
		Debug|Any CPU = Debug|Any CPU
		Release|Any CPU = Release|Any CPU
	EndGlobalSection
	GlobalSection(ProjectConfigurationPlatforms) = postSolution
		{B7FE8112-B54E-40D8-A1AD-5B960688DFF3}.Debug|Any CPU.ActiveCfg = Debug|Any CPU
		{B7FE8112-B54E-40D8-A1AD-5B960688DFF3}.Debug|Any CPU.Build.0 = Debug|Any CPU
		{B7FE8112-B54E-40D8-A1AD-5B960688DFF3}.Release|Any CPU.ActiveCfg = Release|Any CPU
		{B7FE8112-B54E-40D8-A1AD-5B960688DFF3}.Release|Any CPU.Build.0 = Release|Any CPU
		{AF57A989-A42A-4911-A6D4-9DE3680E6D0C}.Debug|Any CPU.ActiveCfg = Debug|Any CPU
		{AF57A989-A42A-4911-A6D4-9DE3680E6D0C}.Debug|Any CPU.Build.0 = Debug|Any CPU
		{AF57A989-A42A-4911-A6D4-9DE3680E6D0C}.Release|Any CPU.ActiveCfg = Release|Any CPU
		{AF57A989-A42A-4911-A6D4-9DE3680E6D0C}.Release|Any CPU.Build.0 = Release|Any CPU
	EndGlobalSection
	GlobalSection(SolutionProperties) = preSolution
		HideSolutionNode = FALSE
	EndGlobalSection
	GlobalSection(ExtensibilityGlobals) = postSolution
		SolutionGuid = {5CDB7DB3-7A21-4643-90C8-352370D1F02A}
	EndGlobalSection
EndGlobal
